
Microsoft Visual Studio Solution File, Format Version 12.00
# Visual Studio Version 17
VisualStudioVersion = 17.13.35825.156 d17.13
MinimumVisualStudioVersion = 10.0.40219.1
Project("{FAE04EC0-301F-11D3-BF4B-00C04F79EFBC}") = "WebAPI", "WebAPI\WebAPI.csproj", "{C119BB2E-68E6-4DD6-AA6A-A04D0B9AB9A3}"
EndProject
Project("{FAE04EC0-301F-11D3-BF4B-00C04F79EFBC}") = "Service", "Service\Service.csproj", "{18CD58AF-A2BE-47DF-99CA-4733BA4B845C}"
EndProject
Project("{FAE04EC0-301F-11D3-BF4B-00C04F79EFBC}") = "DAL", "DAL\DAL.csproj", "{CEEA3042-1E16-4F41-84AD-07A6EA3D2A24}"
EndProject
Global
	GlobalSection(SolutionConfigurationPlatforms) = preSolution
		Debug|Any CPU = Debug|Any CPU
		Release|Any CPU = Release|Any CPU
	EndGlobalSection
	GlobalSection(ProjectConfigurationPlatforms) = postSolution
		{C119BB2E-68E6-4DD6-AA6A-A04D0B9AB9A3}.Debug|Any CPU.ActiveCfg = Debug|Any CPU
		{C119BB2E-68E6-4DD6-AA6A-A04D0B9AB9A3}.Debug|Any CPU.Build.0 = Debug|Any CPU
		{C119BB2E-68E6-4DD6-AA6A-A04D0B9AB9A3}.Release|Any CPU.ActiveCfg = Release|Any CPU
		{C119BB2E-68E6-4DD6-AA6A-A04D0B9AB9A3}.Release|Any CPU.Build.0 = Release|Any CPU
		{18CD58AF-A2BE-47DF-99CA-4733BA4B845C}.Debug|Any CPU.ActiveCfg = Debug|Any CPU
		{18CD58AF-A2BE-47DF-99CA-4733BA4B845C}.Debug|Any CPU.Build.0 = Debug|Any CPU
		{18CD58AF-A2BE-47DF-99CA-4733BA4B845C}.Release|Any CPU.ActiveCfg = Release|Any CPU
		{18CD58AF-A2BE-47DF-99CA-4733BA4B845C}.Release|Any CPU.Build.0 = Release|Any CPU
		{CEEA3042-1E16-4F41-84AD-07A6EA3D2A24}.Debug|Any CPU.ActiveCfg = Debug|Any CPU
		{CEEA3042-1E16-4F41-84AD-07A6EA3D2A24}.Debug|Any CPU.Build.0 = Debug|Any CPU
		{CEEA3042-1E16-4F41-84AD-07A6EA3D2A24}.Release|Any CPU.ActiveCfg = Release|Any CPU
		{CEEA3042-1E16-4F41-84AD-07A6EA3D2A24}.Release|Any CPU.Build.0 = Release|Any CPU
	EndGlobalSection
	GlobalSection(SolutionProperties) = preSolution
		HideSolutionNode = FALSE
	EndGlobalSection
	GlobalSection(ExtensibilityGlobals) = postSolution
		SolutionGuid = {4BD814A9-FAE3-47B6-9240-724273F6DDA7}
	EndGlobalSection
EndGlobal
